// !$*UTF8*$!
{
	archiveVersion = 1;
	classes = {
	};
	objectVersion = 56;
	objects = {

/* Begin PBXBuildFile section */
		831BC1A228F22034003F21D6 /* NotesApp Watch App.app in Embed Watch Content */ = {isa = PBXBuildFile; fileRef = 831BC1A128F22034003F21D6 /* NotesApp Watch App.app */; settings = {ATTRIBUTES = (RemoveHeadersOnCopy, ); }; };
		831BC1A728F22034003F21D6 /* NotesAppApp.swift in Sources */ = {isa = PBXBuildFile; fileRef = 831BC1A628F22034003F21D6 /* NotesAppApp.swift */; };
		831BC1A928F22034003F21D6 /* ContentView.swift in Sources */ = {isa = PBXBuildFile; fileRef = 831BC1A828F22034003F21D6 /* ContentView.swift */; };
		831BC1AB28F22036003F21D6 /* Assets.xcassets in Resources */ = {isa = PBXBuildFile; fileRef = 831BC1AA28F22036003F21D6 /* Assets.xcassets */; };
		831BC1AE28F22036003F21D6 /* Preview Assets.xcassets in Resources */ = {isa = PBXBuildFile; fileRef = 831BC1AD28F22036003F21D6 /* Preview Assets.xcassets */; };
		831BC1B928F228F4003F21D6 /* Note.swift in Sources */ = {isa = PBXBuildFile; fileRef = 831BC1B828F228F4003F21D6 /* Note.swift */; };
		831BC1BB28F22E56003F21D6 /* AddNote.swift in Sources */ = {isa = PBXBuildFile; fileRef = 831BC1BA28F22E56003F21D6 /* AddNote.swift */; };
		831BC1BD28F23356003F21D6 /* ListNotes.swift in Sources */ = {isa = PBXBuildFile; fileRef = 831BC1BC28F23356003F21D6 /* ListNotes.swift */; };
		831BC1BF28F235D1003F21D6 /* DetailNote.swift in Sources */ = {isa = PBXBuildFile; fileRef = 831BC1BE28F235D1003F21D6 /* DetailNote.swift */; };
		831BC1C128F23E93003F21D6 /* Tools.swift in Sources */ = {isa = PBXBuildFile; fileRef = 831BC1C028F23E93003F21D6 /* Tools.swift */; };
/* End PBXBuildFile section */

/* Begin PBXContainerItemProxy section */
		831BC1A328F22034003F21D6 /* PBXContainerItemProxy */ = {
			isa = PBXContainerItemProxy;
			containerPortal = 831BC19528F22034003F21D6 /* Project object */;
			proxyType = 1;
			remoteGlobalIDString = 831BC1A028F22034003F21D6;
			remoteInfo = "NotesApp Watch App";
		};
/* End PBXContainerItemProxy section */

/* Begin PBXCopyFilesBuildPhase section */
		831BC1B428F22036003F21D6 /* Embed Watch Content */ = {
			isa = PBXCopyFilesBuildPhase;
			buildActionMask = 2147483647;
			dstPath = "$(CONTENTS_FOLDER_PATH)/Watch";
			dstSubfolderSpec = 16;
			files = (
				831BC1A228F22034003F21D6 /* NotesApp Watch App.app in Embed Watch Content */,
			);
			name = "Embed Watch Content";
			runOnlyForDeploymentPostprocessing = 0;
		};
/* End PBXCopyFilesBuildPhase section */

/* Begin PBXFileReference section */
		831BC19B28F22034003F21D6 /* NotesApp.app */ = {isa = PBXFileReference; explicitFileType = wrapper.application; includeInIndex = 0; path = NotesApp.app; sourceTree = BUILT_PRODUCTS_DIR; };
		831BC1A128F22034003F21D6 /* NotesApp Watch App.app */ = {isa = PBXFileReference; explicitFileType = wrapper.application; includeInIndex = 0; path = "NotesApp Watch App.app"; sourceTree = BUILT_PRODUCTS_DIR; };
		831BC1A628F22034003F21D6 /* NotesAppApp.swift */ = {isa = PBXFileReference; lastKnownFileType = sourcecode.swift; path = NotesAppApp.swift; sourceTree = "<group>"; };
		831BC1A828F22034003F21D6 /* ContentView.swift */ = {isa = PBXFileReference; lastKnownFileType = sourcecode.swift; path = ContentView.swift; sourceTree = "<group>"; };
		831BC1AA28F22036003F21D6 /* Assets.xcassets */ = {isa = PBXFileReference; lastKnownFileType = folder.assetcatalog; path = Assets.xcassets; sourceTree = "<group>"; };
		831BC1AD28F22036003F21D6 /* Preview Assets.xcassets */ = {isa = PBXFileReference; lastKnownFileType = folder.assetcatalog; path = "Preview Assets.xcassets"; sourceTree = "<group>"; };
		831BC1B828F228F4003F21D6 /* Note.swift */ = {isa = PBXFileReference; lastKnownFileType = sourcecode.swift; path = Note.swift; sourceTree = "<group>"; };
		831BC1BA28F22E56003F21D6 /* AddNote.swift */ = {isa = PBXFileReference; lastKnownFileType = sourcecode.swift; path = AddNote.swift; sourceTree = "<group>"; };
		831BC1BC28F23356003F21D6 /* ListNotes.swift */ = {isa = PBXFileReference; lastKnownFileType = sourcecode.swift; path = ListNotes.swift; sourceTree = "<group>"; };
		831BC1BE28F235D1003F21D6 /* DetailNote.swift */ = {isa = PBXFileReference; lastKnownFileType = sourcecode.swift; path = DetailNote.swift; sourceTree = "<group>"; };
		831BC1C028F23E93003F21D6 /* Tools.swift */ = {isa = PBXFileReference; lastKnownFileType = sourcecode.swift; path = Tools.swift; sourceTree = "<group>"; };
/* End PBXFileReference section */

/* Begin PBXFrameworksBuildPhase section */
		831BC19E28F22034003F21D6 /* Frameworks */ = {
			isa = PBXFrameworksBuildPhase;
			buildActionMask = 2147483647;
			files = (
			);
			runOnlyForDeploymentPostprocessing = 0;
		};
/* End PBXFrameworksBuildPhase section */

/* Begin PBXGroup section */
		831BC19428F22034003F21D6 = {
			isa = PBXGroup;
			children = (
				831BC1C028F23E93003F21D6 /* Tools.swift */,
				831BC1BE28F235D1003F21D6 /* DetailNote.swift */,
				831BC1BC28F23356003F21D6 /* ListNotes.swift */,
				831BC1BA28F22E56003F21D6 /* AddNote.swift */,
				831BC1B828F228F4003F21D6 /* Note.swift */,
				831BC1A528F22034003F21D6 /* NotesApp Watch App */,
				831BC19C28F22034003F21D6 /* Products */,
			);
			sourceTree = "<group>";
		};
		831BC19C28F22034003F21D6 /* Products */ = {
			isa = PBXGroup;
			children = (
				831BC19B28F22034003F21D6 /* NotesApp.app */,
				831BC1A128F22034003F21D6 /* NotesApp Watch App.app */,
			);
			name = Products;
			sourceTree = "<group>";
		};
		831BC1A528F22034003F21D6 /* NotesApp Watch App */ = {
			isa = PBXGroup;
			children = (
				831BC1A628F22034003F21D6 /* NotesAppApp.swift */,
				831BC1A828F22034003F21D6 /* ContentView.swift */,
				831BC1AA28F22036003F21D6 /* Assets.xcassets */,
				831BC1AC28F22036003F21D6 /* Preview Content */,
			);
			path = "NotesApp Watch App";
			sourceTree = "<group>";
		};
		831BC1AC28F22036003F21D6 /* Preview Content */ = {
			isa = PBXGroup;
			children = (
				831BC1AD28F22036003F21D6 /* Preview Assets.xcassets */,
			);
			path = "Preview Content";
			sourceTree = "<group>";
		};
/* End PBXGroup section */

/* Begin PBXNativeTarget section */
		831BC19A28F22034003F21D6 /* NotesApp */ = {
			isa = PBXNativeTarget;
			buildConfigurationList = 831BC1B528F22036003F21D6 /* Build configuration list for PBXNativeTarget "NotesApp" */;
			buildPhases = (
				831BC19928F22034003F21D6 /* Resources */,
				831BC1B428F22036003F21D6 /* Embed Watch Content */,
			);
			buildRules = (
			);
			dependencies = (
				831BC1A428F22034003F21D6 /* PBXTargetDependency */,
			);
			name = NotesApp;
			productName = NotesApp;
			productReference = 831BC19B28F22034003F21D6 /* NotesApp.app */;
			productType = "com.apple.product-type.application.watchapp2-container";
		};
		831BC1A028F22034003F21D6 /* NotesApp Watch App */ = {
			isa = PBXNativeTarget;
			buildConfigurationList = 831BC1B128F22036003F21D6 /* Build configuration list for PBXNativeTarget "NotesApp Watch App" */;
			buildPhases = (
				831BC19D28F22034003F21D6 /* Sources */,
				831BC19E28F22034003F21D6 /* Frameworks */,
				831BC19F28F22034003F21D6 /* Resources */,
			);
			buildRules = (
			);
			dependencies = (
			);
			name = "NotesApp Watch App";
			productName = "NotesApp Watch App";
			productReference = 831BC1A128F22034003F21D6 /* NotesApp Watch App.app */;
			productType = "com.apple.product-type.application";
		};
/* End PBXNativeTarget section */

/* Begin PBXProject section */
		831BC19528F22034003F21D6 /* Project object */ = {
			isa = PBXProject;
			attributes = {
				BuildIndependentTargetsInParallel = 1;
				LastSwiftUpdateCheck = 1400;
				LastUpgradeCheck = 1400;
				TargetAttributes = {
					831BC19A28F22034003F21D6 = {
						CreatedOnToolsVersion = 14.0.1;
					};
					831BC1A028F22034003F21D6 = {
						CreatedOnToolsVersion = 14.0.1;
					};
				};
			};
			buildConfigurationList = 831BC19828F22034003F21D6 /* Build configuration list for PBXProject "NotesApp" */;
			compatibilityVersion = "Xcode 14.0";
			developmentRegion = en;
			hasScannedForEncodings = 0;
			knownRegions = (
				en,
				Base,
			);
			mainGroup = 831BC19428F22034003F21D6;
			productRefGroup = 831BC19C28F22034003F21D6 /* Products */;
			projectDirPath = "";
			projectRoot = "";
			targets = (
				831BC19A28F22034003F21D6 /* NotesApp */,
				831BC1A028F22034003F21D6 /* NotesApp Watch App */,
			);
		};
/* End PBXProject section */

/* Begin PBXResourcesBuildPhase section */
		831BC19928F22034003F21D6 /* Resources */ = {
			isa = PBXResourcesBuildPhase;
			buildActionMask = 2147483647;
			files = (
			);
			runOnlyForDeploymentPostprocessing = 0;
		};
		831BC19F28F22034003F21D6 /* Resources */ = {
			isa = PBXResourcesBuildPhase;
			buildActionMask = 2147483647;
			files = (
				831BC1AE28F22036003F21D6 /* Preview Assets.xcassets in Resources */,
				831BC1AB28F22036003F21D6 /* Assets.xcassets in Resources */,
			);
			runOnlyForDeploymentPostprocessing = 0;
		};
/* End PBXResourcesBuildPhase section */

/* Begin PBXSourcesBuildPhase section */
		831BC19D28F22034003F21D6 /* Sources */ = {
			isa = PBXSourcesBuildPhase;
			buildActionMask = 2147483647;
			files = (
				831BC1A928F22034003F21D6 /* ContentView.swift in Sources */,
				831BC1A728F22034003F21D6 /* NotesAppApp.swift in Sources */,
				831BC1BF28F235D1003F21D6 /* DetailNote.swift in Sources */,
				831BC1B928F228F4003F21D6 /* Note.swift in Sources */,
				831BC1C128F23E93003F21D6 /* Tools.swift in Sources */,
				831BC1BB28F22E56003F21D6 /* AddNote.swift in Sources */,
				831BC1BD28F23356003F21D6 /* ListNotes.swift in Sources */,
			);
			runOnlyForDeploymentPostprocessing = 0;
		};
/* End PBXSourcesBuildPhase section */

/* Begin PBXTargetDependency section */
		831BC1A428F22034003F21D6 /* PBXTargetDependency */ = {
			isa = PBXTargetDependency;
			target = 831BC1A028F22034003F21D6 /* NotesApp Watch App */;
			targetProxy = 831BC1A328F22034003F21D6 /* PBXContainerItemProxy */;
		};
/* End PBXTargetDependency section */

/* Begin XCBuildConfiguration section */
		831BC1AF28F22036003F21D6 /* Debug */ = {
			isa = XCBuildConfiguration;
			buildSettings = {
				ALWAYS_SEARCH_USER_PATHS = NO;
				CLANG_ANALYZER_NONNULL = YES;
				CLANG_ANALYZER_NUMBER_OBJECT_CONVERSION = YES_AGGRESSIVE;
				CLANG_CXX_LANGUAGE_STANDARD = "gnu++20";
				CLANG_ENABLE_MODULES = YES;
				CLANG_ENABLE_OBJC_ARC = YES;
				CLANG_ENABLE_OBJC_WEAK = YES;
				CLANG_WARN_BLOCK_CAPTURE_AUTORELEASING = YES;
				CLANG_WARN_BOOL_CONVERSION = YES;
				CLANG_WARN_COMMA = YES;
				CLANG_WARN_CONSTANT_CONVERSION = YES;
				CLANG_WARN_DEPRECATED_OBJC_IMPLEMENTATIONS = YES;
				CLANG_WARN_DIRECT_OBJC_ISA_USAGE = YES_ERROR;
				CLANG_WARN_DOCUMENTATION_COMMENTS = YES;
				CLANG_WARN_EMPTY_BODY = YES;
				CLANG_WARN_ENUM_CONVERSION = YES;
				CLANG_WARN_INFINITE_RECURSION = YES;
				CLANG_WARN_INT_CONVERSION = YES;
				CLANG_WARN_NON_LITERAL_NULL_CONVERSION = YES;
				CLANG_WARN_OBJC_IMPLICIT_RETAIN_SELF = YES;
				CLANG_WARN_OBJC_LITERAL_CONVERSION = YES;
				CLANG_WARN_OBJC_ROOT_CLASS = YES_ERROR;
				CLANG_WARN_QUOTED_INCLUDE_IN_FRAMEWORK_HEADER = YES;
				CLANG_WARN_RANGE_LOOP_ANALYSIS = YES;
				CLANG_WARN_STRICT_PROTOTYPES = YES;
				CLANG_WARN_SUSPICIOUS_MOVE = YES;
				CLANG_WARN_UNGUARDED_AVAILABILITY = YES_AGGRESSIVE;
				CLANG_WARN_UNREACHABLE_CODE = YES;
				CLANG_WARN__DUPLICATE_METHOD_MATCH = YES;
				COPY_PHASE_STRIP = NO;
				DEBUG_INFORMATION_FORMAT = dwarf;
				ENABLE_STRICT_OBJC_MSGSEND = YES;
				ENABLE_TESTABILITY = YES;
				GCC_C_LANGUAGE_STANDARD = gnu11;
				GCC_DYNAMIC_NO_PIC = NO;
				GCC_NO_COMMON_BLOCKS = YES;
				GCC_OPTIMIZATION_LEVEL = 0;
				GCC_PREPROCESSOR_DEFINITIONS = (
					"DEBUG=1",
					"$(inherited)",
				);
				GCC_WARN_64_TO_32_BIT_CONVERSION = YES;
				GCC_WARN_ABOUT_RETURN_TYPE = YES_ERROR;
				GCC_WARN_UNDECLARED_SELECTOR = YES;
				GCC_WARN_UNINITIALIZED_AUTOS = YES_AGGRESSIVE;
				GCC_WARN_UNUSED_FUNCTION = YES;
				GCC_WARN_UNUSED_VARIABLE = YES;
				MTL_ENABLE_DEBUG_INFO = INCLUDE_SOURCE;
				MTL_FAST_MATH = YES;
				ONLY_ACTIVE_ARCH = YES;
				SWIFT_ACTIVE_COMPILATION_CONDITIONS = DEBUG;
				SWIFT_OPTIMIZATION_LEVEL = "-Onone";
			};
			name = Debug;
		};
		831BC1B028F22036003F21D6 /* Release */ = {
			isa = XCBuildConfiguration;
			buildSettings = {
				ALWAYS_SEARCH_USER_PATHS = NO;
				CLANG_ANALYZER_NONNULL = YES;
				CLANG_ANALYZER_NUMBER_OBJECT_CONVERSION = YES_AGGRESSIVE;
				CLANG_CXX_LANGUAGE_STANDARD = "gnu++20";
				CLANG_ENABLE_MODULES = YES;
				CLANG_ENABLE_OBJC_ARC = YES;
				CLANG_ENABLE_OBJC_WEAK = YES;
				CLANG_WARN_BLOCK_CAPTURE_AUTORELEASING = YES;
				CLANG_WARN_BOOL_CONVERSION = YES;
				CLANG_WARN_COMMA = YES;
				CLANG_WARN_CONSTANT_CONVERSION = YES;
				CLANG_WARN_DEPRECATED_OBJC_IMPLEMENTATIONS = YES;
				CLANG_WARN_DIRECT_OBJC_ISA_USAGE = YES_ERROR;
				CLANG_WARN_DOCUMENTATION_COMMENTS = YES;
				CLANG_WARN_EMPTY_BODY = YES;
				CLANG_WARN_ENUM_CONVERSION = YES;
				CLANG_WARN_INFINITE_RECURSION = YES;
				CLANG_WARN_INT_CONVERSION = YES;
				CLANG_WARN_NON_LITERAL_NULL_CONVERSION = YES;
				CLANG_WARN_OBJC_IMPLICIT_RETAIN_SELF = YES;
				CLANG_WARN_OBJC_LITERAL_CONVERSION = YES;
				CLANG_WARN_OBJC_ROOT_CLASS = YES_ERROR;
				CLANG_WARN_QUOTED_INCLUDE_IN_FRAMEWORK_HEADER = YES;
				CLANG_WARN_RANGE_LOOP_ANALYSIS = YES;
				CLANG_WARN_STRICT_PROTOTYPES = YES;
				CLANG_WARN_SUSPICIOUS_MOVE = YES;
				CLANG_WARN_UNGUARDED_AVAILABILITY = YES_AGGRESSIVE;
				CLANG_WARN_UNREACHABLE_CODE = YES;
				CLANG_WARN__DUPLICATE_METHOD_MATCH = YES;
				COPY_PHASE_STRIP = NO;
				DEBUG_INFORMATION_FORMAT = "dwarf-with-dsym";
				ENABLE_NS_ASSERTIONS = NO;
				ENABLE_STRICT_OBJC_MSGSEND = YES;
				GCC_C_LANGUAGE_STANDARD = gnu11;
				GCC_NO_COMMON_BLOCKS = YES;
				GCC_WARN_64_TO_32_BIT_CONVERSION = YES;
				GCC_WARN_ABOUT_RETURN_TYPE = YES_ERROR;
				GCC_WARN_UNDECLARED_SELECTOR = YES;
				GCC_WARN_UNINITIALIZED_AUTOS = YES_AGGRESSIVE;
				GCC_WARN_UNUSED_FUNCTION = YES;
				GCC_WARN_UNUSED_VARIABLE = YES;
				MTL_ENABLE_DEBUG_INFO = NO;
				MTL_FAST_MATH = YES;
				SWIFT_COMPILATION_MODE = wholemodule;
				SWIFT_OPTIMIZATION_LEVEL = "-O";
			};
			name = Release;
		};
		831BC1B228F22036003F21D6 /* Debug */ = {
			isa = XCBuildConfiguration;
			buildSettings = {
				ASSETCATALOG_COMPILER_APPICON_NAME = AppIcon;
				ASSETCATALOG_COMPILER_GLOBAL_ACCENT_COLOR_NAME = AccentColor;
				CODE_SIGN_STYLE = Automatic;
				CURRENT_PROJECT_VERSION = 1;
				DEVELOPMENT_ASSET_PATHS = "\"NotesApp Watch App/Preview Content\"";
				ENABLE_PREVIEWS = YES;
				GENERATE_INFOPLIST_FILE = YES;
				INFOPLIST_KEY_CFBundleDisplayName = NotesApp;
				INFOPLIST_KEY_UISupportedInterfaceOrientations = "UIInterfaceOrientationPortrait UIInterfaceOrientationPortraitUpsideDown";
				INFOPLIST_KEY_WKWatchOnly = YES;
				LD_RUNPATH_SEARCH_PATHS = (
					"$(inherited)",
					"@executable_path/Frameworks",
				);
				MARKETING_VERSION = 1.0;
				PRODUCT_BUNDLE_IDENTIFIER = com.keegan.NotesApp.watchkitapp;
				PRODUCT_NAME = "$(TARGET_NAME)";
				SDKROOT = watchos;
				SKIP_INSTALL = YES;
				SWIFT_EMIT_LOC_STRINGS = YES;
				SWIFT_VERSION = 5.0;
				TARGETED_DEVICE_FAMILY = 4;
				WATCHOS_DEPLOYMENT_TARGET = 9.0;
			};
			name = Debug;
		};
		831BC1B328F22036003F21D6 /* Release */ = {
			isa = XCBuildConfiguration;
			buildSettings = {
				ASSETCATALOG_COMPILER_APPICON_NAME = AppIcon;
				ASSETCATALOG_COMPILER_GLOBAL_ACCENT_COLOR_NAME = AccentColor;
				CODE_SIGN_STYLE = Automatic;
				CURRENT_PROJECT_VERSION = 1;
				DEVELOPMENT_ASSET_PATHS = "\"NotesApp Watch App/Preview Content\"";
				ENABLE_PREVIEWS = YES;
				GENERATE_INFOPLIST_FILE = YES;
				INFOPLIST_KEY_CFBundleDisplayName = NotesApp;
				INFOPLIST_KEY_UISupportedInterfaceOrientations = "UIInterfaceOrientationPortrait UIInterfaceOrientationPortraitUpsideDown";
				INFOPLIST_KEY_WKWatchOnly = YES;
				LD_RUNPATH_SEARCH_PATHS = (
					"$(inherited)",
					"@executable_path/Frameworks",
				);
				MARKETING_VERSION = 1.0;
				PRODUCT_BUNDLE_IDENTIFIER = com.keegan.NotesApp.watchkitapp;
				PRODUCT_NAME = "$(TARGET_NAME)";
				SDKROOT = watchos;
				SKIP_INSTALL = YES;
				SWIFT_EMIT_LOC_STRINGS = YES;
				SWIFT_VERSION = 5.0;
				TARGETED_DEVICE_FAMILY = 4;
				VALIDATE_PRODUCT = YES;
				WATCHOS_DEPLOYMENT_TARGET = 9.0;
			};
			name = Release;
		};
		831BC1B628F22036003F21D6 /* Debug */ = {
			isa = XCBuildConfiguration;
			buildSettings = {
				ALWAYS_EMBED_SWIFT_STANDARD_LIBRARIES = YES;
				CODE_SIGN_STYLE = Automatic;
				CURRENT_PROJECT_VERSION = 1;
				INFOPLIST_KEY_CFBundleDisplayName = NotesApp;
				MARKETING_VERSION = 1.0;
				PRODUCT_BUNDLE_IDENTIFIER = com.keegan.NotesApp;
				PRODUCT_NAME = "$(TARGET_NAME)";
				SDKROOT = iphoneos;
				SWIFT_VERSION = 5.0;
			};
			name = Debug;
		};
		831BC1B728F22036003F21D6 /* Release */ = {
			isa = XCBuildConfiguration;
			buildSettings = {
				ALWAYS_EMBED_SWIFT_STANDARD_LIBRARIES = YES;
				CODE_SIGN_STYLE = Automatic;
				CURRENT_PROJECT_VERSION = 1;
				INFOPLIST_KEY_CFBundleDisplayName = NotesApp;
				MARKETING_VERSION = 1.0;
				PRODUCT_BUNDLE_IDENTIFIER = com.keegan.NotesApp;
				PRODUCT_NAME = "$(TARGET_NAME)";
				SDKROOT = iphoneos;
				SWIFT_VERSION = 5.0;
				VALIDATE_PRODUCT = YES;
			};
			name = Release;
		};
/* End XCBuildConfiguration section */

/* Begin XCConfigurationList section */
		831BC19828F22034003F21D6 /* Build configuration list for PBXProject "NotesApp" */ = {
			isa = XCConfigurationList;
			buildConfigurations = (
				831BC1AF28F22036003F21D6 /* Debug */,
				831BC1B028F22036003F21D6 /* Release */,
			);
			defaultConfigurationIsVisible = 0;
			defaultConfigurationName = Release;
		};
		831BC1B128F22036003F21D6 /* Build configuration list for PBXNativeTarget "NotesApp Watch App" */ = {
			isa = XCConfigurationList;
			buildConfigurations = (
				831BC1B228F22036003F21D6 /* Debug */,
				831BC1B328F22036003F21D6 /* Release */,
			);
			defaultConfigurationIsVisible = 0;
			defaultConfigurationName = Release;
		};
		831BC1B528F22036003F21D6 /* Build configuration list for PBXNativeTarget "NotesApp" */ = {
			isa = XCConfigurationList;
			buildConfigurations = (
				831BC1B628F22036003F21D6 /* Debug */,
				831BC1B728F22036003F21D6 /* Release */,
			);
			defaultConfigurationIsVisible = 0;
			defaultConfigurationName = Release;
		};
/* End XCConfigurationList section */
	};
	rootObject = 831BC19528F22034003F21D6 /* Project object */;
}
